
Microsoft Visual Studio Solution File, Format Version 12.00
# Visual Studio 15
VisualStudioVersion = 15.0.26730.16
MinimumVisualStudioVersion = 10.0.40219.1
Project("{FAE04EC0-301F-11D3-BF4B-00C04F79EFBC}") = "WpfApp1", "WpfApp1\WpfApp1.csproj", "{C89E7183-F6B3-4470-80B2-D73DFF6F4F94}"
EndProject
Global
	GlobalSection(SolutionConfigurationPlatforms) = preSolution
		Debug|Any CPU = Debug|Any CPU
		Release|Any CPU = Release|Any CPU
	EndGlobalSection
	GlobalSection(ProjectConfigurationPlatforms) = postSolution
		{C89E7183-F6B3-4470-80B2-D73DFF6F4F94}.Debug|Any CPU.ActiveCfg = Debug|Any CPU
		{C89E7183-F6B3-4470-80B2-D73DFF6F4F94}.Debug|Any CPU.Build.0 = Debug|Any CPU
		{C89E7183-F6B3-4470-80B2-D73DFF6F4F94}.Release|Any CPU.ActiveCfg = Release|Any CPU
		{C89E7183-F6B3-4470-80B2-D73DFF6F4F94}.Release|Any CPU.Build.0 = Release|Any CPU
	EndGlobalSection
	GlobalSection(SolutionProperties) = preSolution
		HideSolutionNode = FALSE
	EndGlobalSection
	GlobalSection(ExtensibilityGlobals) = postSolution
		SolutionGuid = {7C10C078-B15D-42C6-9091-32E237813611}
	EndGlobalSection
EndGlobal
